
Microsoft Visual Studio Solution File, Format Version 12.00
# Visual Studio Version 17
VisualStudioVersion = 17.8.34004.107
MinimumVisualStudioVersion = 10.0.40219.1
Project("{FAE04EC0-301F-11D3-BF4B-00C04F79EFBC}") = "SampleMinimalAPI", "SampleMinimalAPI\SampleMinimalAPI.csproj", "{F9AB3686-CC97-4CE9-9CBC-593398DCA480}"
EndProject
Global
	GlobalSection(SolutionConfigurationPlatforms) = preSolution
		Debug|Any CPU = Debug|Any CPU
		Release|Any CPU = Release|Any CPU
	EndGlobalSection
	GlobalSection(ProjectConfigurationPlatforms) = postSolution
		{F9AB3686-CC97-4CE9-9CBC-593398DCA480}.Debug|Any CPU.ActiveCfg = Debug|Any CPU
		{F9AB3686-CC97-4CE9-9CBC-593398DCA480}.Debug|Any CPU.Build.0 = Debug|Any CPU
		{F9AB3686-CC97-4CE9-9CBC-593398DCA480}.Release|Any CPU.ActiveCfg = Release|Any CPU
		{F9AB3686-CC97-4CE9-9CBC-593398DCA480}.Release|Any CPU.Build.0 = Release|Any CPU
	EndGlobalSection
	GlobalSection(SolutionProperties) = preSolution
		HideSolutionNode = FALSE
	EndGlobalSection
	GlobalSection(ExtensibilityGlobals) = postSolution
		SolutionGuid = {1A7690CB-4F48-4088-9957-BBBC2DC1C46D}
	EndGlobalSection
EndGlobal
